
Microsoft Visual Studio Solution File, Format Version 12.00
# Visual Studio Version 17
VisualStudioVersion = 17.10.35027.167
MinimumVisualStudioVersion = 10.0.40219.1
Project("{FAE04EC0-301F-11D3-BF4B-00C04F79EFBC}") = "Patikaflix", "Patikaflix\Patikaflix.csproj", "{F2C1CE78-78D3-4D56-A70A-B9B8BE492F88}"
EndProject
Global
	GlobalSection(SolutionConfigurationPlatforms) = preSolution
		Debug|Any CPU = Debug|Any CPU
		Release|Any CPU = Release|Any CPU
	EndGlobalSection
	GlobalSection(ProjectConfigurationPlatforms) = postSolution
		{F2C1CE78-78D3-4D56-A70A-B9B8BE492F88}.Debug|Any CPU.ActiveCfg = Debug|Any CPU
		{F2C1CE78-78D3-4D56-A70A-B9B8BE492F88}.Debug|Any CPU.Build.0 = Debug|Any CPU
		{F2C1CE78-78D3-4D56-A70A-B9B8BE492F88}.Release|Any CPU.ActiveCfg = Release|Any CPU
		{F2C1CE78-78D3-4D56-A70A-B9B8BE492F88}.Release|Any CPU.Build.0 = Release|Any CPU
	EndGlobalSection
	GlobalSection(SolutionProperties) = preSolution
		HideSolutionNode = FALSE
	EndGlobalSection
	GlobalSection(ExtensibilityGlobals) = postSolution
		SolutionGuid = {2233AF5C-6F44-46F8-82AA-160E6BAF774D}
	EndGlobalSection
EndGlobal
